<?xml version="1.0" encoding="utf-8"?>
<Project ToolsVersion="4.0" xmlns="http://schemas.microsoft.com/developer/msbuild/2003">
  <ItemGroup>
    <Filter Include="src">
      <UniqueIdentifier>{4FC737F1-C7A5-4376-A066-2A32D752A2FF}</UniqueIdentifier>
      <Extensions>cpp;c;cc;cxx;c++;cppm;ixx;def;odl;idl;hpj;bat;asm;asmx</Extensions>
    </Filter>
    <Filter Include="res">
      <UniqueIdentifier>{c1d08833-01d5-4fb0-996c-e66924e260b1}</UniqueIdentifier>
    </Filter>
    <Filter Include="e_port">
      <UniqueIdentifier>{f3e6e473-a93c-4250-9c99-87691c6a8c15}</UniqueIdentifier>
    </Filter>
  </ItemGroup>
  <ItemGroup>
    <ClCompile Include="dllmain.cc">
      <Filter>src</Filter>
    </ClCompile>
    <ClCompile Include="..\src\wv2_env.cc">
      <Filter>src</Filter>
    </ClCompile>
    <ClCompile Include="..\src\wv2_controller.cc">
      <Filter>src</Filter>
    </ClCompile>
    <ClCompile Include="..\src\wv2_utils.cc">
      <Filter>src</Filter>
    </ClCompile>
    <ClCompile Include="..\src\wv2_webview.cc">
      <Filter>src</Filter>
    </ClCompile>
    <ClCompile Include="..\src\wv2_cookie.cc">
      <Filter>src</Filter>
    </ClCompile>
    <ClCompile Include="..\src\wv2_webrequest.cc">
      <Filter>src</Filter>
    </ClCompile>
    <ClCompile Include="..\src\wv2_frame.cc">
      <Filter>src</Filter>
    </ClCompile>
    <ClCompile Include="..\src\wv2_contextmenu.cc">
      <Filter>src</Filter>
    </ClCompile>
    <ClCompile Include="..\src\wv2_download.cc">
      <Filter>src</Filter>
    </ClCompile>
  </ItemGroup>
  <ItemGroup>
    <ClInclude Include="..\src\wv2_env.h">
      <Filter>src</Filter>
    </ClInclude>
    <ClInclude Include="..\src\wv2_types.h">
      <Filter>src</Filter>
    </ClInclude>
    <ClInclude Include="..\src\wv2_controller.h">
      <Filter>src</Filter>
    </ClInclude>
    <ClInclude Include="..\src\wv2_utils.h">
      <Filter>src</Filter>
    </ClInclude>
    <ClInclude Include="..\src\wv2_webview.h">
      <Filter>src</Filter>
    </ClInclude>
    <ClInclude Include="resource.h">
      <Filter>res</Filter>
    </ClInclude>
    <ClInclude Include="..\src\wv2_cookie.h">
      <Filter>src</Filter>
    </ClInclude>
    <ClInclude Include="..\src\wv2_webrequest.h">
      <Filter>src</Filter>
    </ClInclude>
    <ClInclude Include="..\src\wv2_frame.h">
      <Filter>src</Filter>
    </ClInclude>
    <ClInclude Include="..\src\wv2_contextmenu.h">
      <Filter>src</Filter>
    </ClInclude>
    <ClInclude Include="..\src\wv2_download.h">
      <Filter>src</Filter>
    </ClInclude>
  </ItemGroup>
  <ItemGroup>
    <ResourceCompile Include="dll_exportres.rc">
      <Filter>res</Filter>
    </ResourceCompile>
  </ItemGroup>
  <ItemGroup>
    <None Include="packages.config">
      <Filter>res</Filter>
    </None>
    <None Include="..\CodesLab\ewebview2.e">
      <Filter>e_port</Filter>
    </None>
  </ItemGroup>
</Project>